// !$*UTF8*$!
{
	archiveVersion = 1;
	classes = {
	};
	objectVersion = 55;
	objects = {

/* Begin PBXBuildFile section */
		650038D427C9603500CA1547 /* Jithin.swift in Sources */ = {isa = PBXBuildFile; fileRef = 650038D327C9603500CA1547 /* Jithin.swift */; };
		6561ED0D27C95719006816AF /* AppDelegate.swift in Sources */ = {isa = PBXBuildFile; fileRef = 6561ED0C27C95719006816AF /* AppDelegate.swift */; };
		6561ED0F27C95719006816AF /* SceneDelegate.swift in Sources */ = {isa = PBXBuildFile; fileRef = 6561ED0E27C95719006816AF /* SceneDelegate.swift */; };
		6561ED1127C95719006816AF /* ViewController.swift in Sources */ = {isa = PBXBuildFile; fileRef = 6561ED1027C95719006816AF /* ViewController.swift */; };
		6561ED1427C95719006816AF /* Main.storyboard in Resources */ = {isa = PBXBuildFile; fileRef = 6561ED1227C95719006816AF /* Main.storyboard */; };
		6561ED1627C9571A006816AF /* Assets.xcassets in Resources */ = {isa = PBXBuildFile; fileRef = 6561ED1527C9571A006816AF /* Assets.xcassets */; };
		6561ED1927C9571A006816AF /* LaunchScreen.storyboard in Resources */ = {isa = PBXBuildFile; fileRef = 6561ED1727C9571A006816AF /* LaunchScreen.storyboard */; };
		65CC6C6E27D1F5AD00DFC536 /* Food.swift in Sources */ = {isa = PBXBuildFile; fileRef = 65CC6C6D27D1F5AD00DFC536 /* Food.swift */; };
		65FD272B27DB2387002A66AE /* FoodViewController.swift in Sources */ = {isa = PBXBuildFile; fileRef = 65FD272A27DB2387002A66AE /* FoodViewController.swift */; };
		71CB59F927F771FB00B866D4 /* foodCell.swift in Sources */ = {isa = PBXBuildFile; fileRef = 71CB59F827F771FB00B866D4 /* foodCell.swift */; };
		BE2F94B427FE63E6006D708C /* AddRestaurantViewController.swift in Sources */ = {isa = PBXBuildFile; fileRef = BE2F94B327FE63E6006D708C /* AddRestaurantViewController.swift */; };
		BE2F94B627FE6C4C006D708C /* AddNewRestaurantUI.swift in Sources */ = {isa = PBXBuildFile; fileRef = BE2F94B527FE6C4C006D708C /* AddNewRestaurantUI.swift */; };
		BE4B220D27F76CEA00CAC4A2 /* hottestFoodCell.swift in Sources */ = {isa = PBXBuildFile; fileRef = BE4B220C27F76CEA00CAC4A2 /* hottestFoodCell.swift */; };
		BE9AC3D127FFF9EB00E1EC2C /* mapUI.swift in Sources */ = {isa = PBXBuildFile; fileRef = BE9AC3D027FFF9EB00E1EC2C /* mapUI.swift */; };
		BEB1ABF427C95C4200F43DC0 /* testingSwift.swift in Sources */ = {isa = PBXBuildFile; fileRef = BEB1ABF327C95C4200F43DC0 /* testingSwift.swift */; };
/* End PBXBuildFile section */

/* Begin PBXFileReference section */
		650038D327C9603500CA1547 /* Jithin.swift */ = {isa = PBXFileReference; lastKnownFileType = sourcecode.swift; path = Jithin.swift; sourceTree = "<group>"; };
		6561ED0927C95719006816AF /* RUEats.app */ = {isa = PBXFileReference; explicitFileType = wrapper.application; includeInIndex = 0; path = RUEats.app; sourceTree = BUILT_PRODUCTS_DIR; };
		6561ED0C27C95719006816AF /* AppDelegate.swift */ = {isa = PBXFileReference; lastKnownFileType = sourcecode.swift; path = AppDelegate.swift; sourceTree = "<group>"; };
		6561ED0E27C95719006816AF /* SceneDelegate.swift */ = {isa = PBXFileReference; lastKnownFileType = sourcecode.swift; path = SceneDelegate.swift; sourceTree = "<group>"; };
		6561ED1027C95719006816AF /* ViewController.swift */ = {isa = PBXFileReference; lastKnownFileType = sourcecode.swift; path = ViewController.swift; sourceTree = "<group>"; };
		6561ED1327C95719006816AF /* Base */ = {isa = PBXFileReference; lastKnownFileType = file.storyboard; name = Base; path = Base.lproj/Main.storyboard; sourceTree = "<group>"; };
		6561ED1527C9571A006816AF /* Assets.xcassets */ = {isa = PBXFileReference; lastKnownFileType = folder.assetcatalog; path = Assets.xcassets; sourceTree = "<group>"; };
		6561ED1827C9571A006816AF /* Base */ = {isa = PBXFileReference; lastKnownFileType = file.storyboard; name = Base; path = Base.lproj/LaunchScreen.storyboard; sourceTree = "<group>"; };
		6561ED1A27C9571A006816AF /* Info.plist */ = {isa = PBXFileReference; lastKnownFileType = text.plist.xml; path = Info.plist; sourceTree = "<group>"; };
		65CC6C6D27D1F5AD00DFC536 /* Food.swift */ = {isa = PBXFileReference; lastKnownFileType = sourcecode.swift; path = Food.swift; sourceTree = "<group>"; };
		65FD272A27DB2387002A66AE /* FoodViewController.swift */ = {isa = PBXFileReference; lastKnownFileType = sourcecode.swift; path = FoodViewController.swift; sourceTree = "<group>"; };
		71CB59F827F771FB00B866D4 /* foodCell.swift */ = {isa = PBXFileReference; lastKnownFileType = sourcecode.swift; path = foodCell.swift; sourceTree = "<group>"; };
		BE2F94B327FE63E6006D708C /* AddRestaurantViewController.swift */ = {isa = PBXFileReference; lastKnownFileType = sourcecode.swift; path = AddRestaurantViewController.swift; sourceTree = "<group>"; };
		BE2F94B527FE6C4C006D708C /* AddNewRestaurantUI.swift */ = {isa = PBXFileReference; lastKnownFileType = sourcecode.swift; path = AddNewRestaurantUI.swift; sourceTree = "<group>"; };
		BE4B220C27F76CEA00CAC4A2 /* hottestFoodCell.swift */ = {isa = PBXFileReference; lastKnownFileType = sourcecode.swift; path = hottestFoodCell.swift; sourceTree = "<group>"; };
		BE9AC3D027FFF9EB00E1EC2C /* mapUI.swift */ = {isa = PBXFileReference; lastKnownFileType = sourcecode.swift; path = mapUI.swift; sourceTree = "<group>"; };
		BEB1ABF327C95C4200F43DC0 /* testingSwift.swift */ = {isa = PBXFileReference; lastKnownFileType = sourcecode.swift; path = testingSwift.swift; sourceTree = "<group>"; };
/* End PBXFileReference section */

/* Begin PBXFrameworksBuildPhase section */
		6561ED0627C95719006816AF /* Frameworks */ = {
			isa = PBXFrameworksBuildPhase;
			buildActionMask = 2147483647;
			files = (
			);
			runOnlyForDeploymentPostprocessing = 0;
		};
/* End PBXFrameworksBuildPhase section */

/* Begin PBXGroup section */
		6561ED0027C95719006816AF = {
			isa = PBXGroup;
			children = (
				6561ED0B27C95719006816AF /* RUEats */,
				6561ED0A27C95719006816AF /* Products */,
			);
			sourceTree = "<group>";
		};
		6561ED0A27C95719006816AF /* Products */ = {
			isa = PBXGroup;
			children = (
				6561ED0927C95719006816AF /* RUEats.app */,
			);
			name = Products;
			sourceTree = "<group>";
		};
		6561ED0B27C95719006816AF /* RUEats */ = {
			isa = PBXGroup;
			children = (
				6561ED0C27C95719006816AF /* AppDelegate.swift */,
				6561ED0E27C95719006816AF /* SceneDelegate.swift */,
				6561ED1027C95719006816AF /* ViewController.swift */,
				65FD272A27DB2387002A66AE /* FoodViewController.swift */,
				71CB59F827F771FB00B866D4 /* foodCell.swift */,
				65CC6C6D27D1F5AD00DFC536 /* Food.swift */,
				650038D327C9603500CA1547 /* Jithin.swift */,
				BEB1ABF327C95C4200F43DC0 /* testingSwift.swift */,
				6561ED1227C95719006816AF /* Main.storyboard */,
				BE9AC3D027FFF9EB00E1EC2C /* mapUI.swift */,
				BE2F94B327FE63E6006D708C /* AddRestaurantViewController.swift */,
				BE2F94B527FE6C4C006D708C /* AddNewRestaurantUI.swift */,
				BE4B220C27F76CEA00CAC4A2 /* hottestFoodCell.swift */,
				6561ED1527C9571A006816AF /* Assets.xcassets */,
				6561ED1727C9571A006816AF /* LaunchScreen.storyboard */,
				6561ED1A27C9571A006816AF /* Info.plist */,
			);
			path = RUEats;
			sourceTree = "<group>";
		};
/* End PBXGroup section */

/* Begin PBXNativeTarget section */
		6561ED0827C95719006816AF /* RUEats */ = {
			isa = PBXNativeTarget;
			buildConfigurationList = 6561ED1D27C9571A006816AF /* Build configuration list for PBXNativeTarget "RUEats" */;
			buildPhases = (
				6561ED0527C95719006816AF /* Sources */,
				6561ED0627C95719006816AF /* Frameworks */,
				6561ED0727C95719006816AF /* Resources */,
			);
			buildRules = (
			);
			dependencies = (
			);
			name = RUEats;
			productName = RUEats;
			productReference = 6561ED0927C95719006816AF /* RUEats.app */;
			productType = "com.apple.product-type.application";
		};
/* End PBXNativeTarget section */

/* Begin PBXProject section */
		6561ED0127C95719006816AF /* Project object */ = {
			isa = PBXProject;
			attributes = {
				BuildIndependentTargetsInParallel = 1;
				LastSwiftUpdateCheck = 1320;
				LastUpgradeCheck = 1320;
				TargetAttributes = {
					6561ED0827C95719006816AF = {
						CreatedOnToolsVersion = 13.2.1;
					};
				};
			};
			buildConfigurationList = 6561ED0427C95719006816AF /* Build configuration list for PBXProject "RUEats" */;
			compatibilityVersion = "Xcode 13.0";
			developmentRegion = en;
			hasScannedForEncodings = 0;
			knownRegions = (
				en,
				Base,
			);
			mainGroup = 6561ED0027C95719006816AF;
			productRefGroup = 6561ED0A27C95719006816AF /* Products */;
			projectDirPath = "";
			projectRoot = "";
			targets = (
				6561ED0827C95719006816AF /* RUEats */,
			);
		};
/* End PBXProject section */

/* Begin PBXResourcesBuildPhase section */
		6561ED0727C95719006816AF /* Resources */ = {
			isa = PBXResourcesBuildPhase;
			buildActionMask = 2147483647;
			files = (
				6561ED1927C9571A006816AF /* LaunchScreen.storyboard in Resources */,
				6561ED1627C9571A006816AF /* Assets.xcassets in Resources */,
				6561ED1427C95719006816AF /* Main.storyboard in Resources */,
			);
			runOnlyForDeploymentPostprocessing = 0;
		};
/* End PBXResourcesBuildPhase section */

/* Begin PBXSourcesBuildPhase section */
		6561ED0527C95719006816AF /* Sources */ = {
			isa = PBXSourcesBuildPhase;
			buildActionMask = 2147483647;
			files = (
				65CC6C6E27D1F5AD00DFC536 /* Food.swift in Sources */,
				65FD272B27DB2387002A66AE /* FoodViewController.swift in Sources */,
				BEB1ABF427C95C4200F43DC0 /* testingSwift.swift in Sources */,
				650038D427C9603500CA1547 /* Jithin.swift in Sources */,
				6561ED1127C95719006816AF /* ViewController.swift in Sources */,
				BE4B220D27F76CEA00CAC4A2 /* hottestFoodCell.swift in Sources */,
				71CB59F927F771FB00B866D4 /* foodCell.swift in Sources */,
				BE2F94B427FE63E6006D708C /* AddRestaurantViewController.swift in Sources */,
				6561ED0D27C95719006816AF /* AppDelegate.swift in Sources */,
				BE2F94B627FE6C4C006D708C /* AddNewRestaurantUI.swift in Sources */,
				BE9AC3D127FFF9EB00E1EC2C /* mapUI.swift in Sources */,
				6561ED0F27C95719006816AF /* SceneDelegate.swift in Sources */,
			);
			runOnlyForDeploymentPostprocessing = 0;
		};
/* End PBXSourcesBuildPhase section */

/* Begin PBXVariantGroup section */
		6561ED1227C95719006816AF /* Main.storyboard */ = {
			isa = PBXVariantGroup;
			children = (
				6561ED1327C95719006816AF /* Base */,
			);
			name = Main.storyboard;
			sourceTree = "<group>";
		};
		6561ED1727C9571A006816AF /* LaunchScreen.storyboard */ = {
			isa = PBXVariantGroup;
			children = (
				6561ED1827C9571A006816AF /* Base */,
			);
			name = LaunchScreen.storyboard;
			sourceTree = "<group>";
		};
/* End PBXVariantGroup section */

/* Begin XCBuildConfiguration section */
		6561ED1B27C9571A006816AF /* Debug */ = {
			isa = XCBuildConfiguration;
			buildSettings = {
				ALWAYS_SEARCH_USER_PATHS = NO;
				CLANG_ANALYZER_NONNULL = YES;
				CLANG_ANALYZER_NUMBER_OBJECT_CONVERSION = YES_AGGRESSIVE;
				CLANG_CXX_LANGUAGE_STANDARD = "gnu++17";
				CLANG_CXX_LIBRARY = "libc++";
				CLANG_ENABLE_MODULES = YES;
				CLANG_ENABLE_OBJC_ARC = YES;
				CLANG_ENABLE_OBJC_WEAK = YES;
				CLANG_WARN_BLOCK_CAPTURE_AUTORELEASING = YES;
				CLANG_WARN_BOOL_CONVERSION = YES;
				CLANG_WARN_COMMA = YES;
				CLANG_WARN_CONSTANT_CONVERSION = YES;
				CLANG_WARN_DEPRECATED_OBJC_IMPLEMENTATIONS = YES;
				CLANG_WARN_DIRECT_OBJC_ISA_USAGE = YES_ERROR;
				CLANG_WARN_DOCUMENTATION_COMMENTS = YES;
				CLANG_WARN_EMPTY_BODY = YES;
				CLANG_WARN_ENUM_CONVERSION = YES;
				CLANG_WARN_INFINITE_RECURSION = YES;
				CLANG_WARN_INT_CONVERSION = YES;
				CLANG_WARN_NON_LITERAL_NULL_CONVERSION = YES;
				CLANG_WARN_OBJC_IMPLICIT_RETAIN_SELF = YES;
				CLANG_WARN_OBJC_LITERAL_CONVERSION = YES;
				CLANG_WARN_OBJC_ROOT_CLASS = YES_ERROR;
				CLANG_WARN_QUOTED_INCLUDE_IN_FRAMEWORK_HEADER = YES;
				CLANG_WARN_RANGE_LOOP_ANALYSIS = YES;
				CLANG_WARN_STRICT_PROTOTYPES = YES;
				CLANG_WARN_SUSPICIOUS_MOVE = YES;
				CLANG_WARN_UNGUARDED_AVAILABILITY = YES_AGGRESSIVE;
				CLANG_WARN_UNREACHABLE_CODE = YES;
				CLANG_WARN__DUPLICATE_METHOD_MATCH = YES;
				COPY_PHASE_STRIP = NO;
				DEBUG_INFORMATION_FORMAT = dwarf;
				ENABLE_STRICT_OBJC_MSGSEND = YES;
				ENABLE_TESTABILITY = YES;
				GCC_C_LANGUAGE_STANDARD = gnu11;
				GCC_DYNAMIC_NO_PIC = NO;
				GCC_NO_COMMON_BLOCKS = YES;
				GCC_OPTIMIZATION_LEVEL = 0;
				GCC_PREPROCESSOR_DEFINITIONS = (
					"DEBUG=1",
					"$(inherited)",
				);
				GCC_WARN_64_TO_32_BIT_CONVERSION = YES;
				GCC_WARN_ABOUT_RETURN_TYPE = YES_ERROR;
				GCC_WARN_UNDECLARED_SELECTOR = YES;
				GCC_WARN_UNINITIALIZED_AUTOS = YES_AGGRESSIVE;
				GCC_WARN_UNUSED_FUNCTION = YES;
				GCC_WARN_UNUSED_VARIABLE = YES;
				IPHONEOS_DEPLOYMENT_TARGET = 15.2;
				MTL_ENABLE_DEBUG_INFO = INCLUDE_SOURCE;
				MTL_FAST_MATH = YES;
				ONLY_ACTIVE_ARCH = YES;
				SDKROOT = iphoneos;
				SWIFT_ACTIVE_COMPILATION_CONDITIONS = DEBUG;
				SWIFT_OPTIMIZATION_LEVEL = "-Onone";
			};
			name = Debug;
		};
		6561ED1C27C9571A006816AF /* Release */ = {
			isa = XCBuildConfiguration;
			buildSettings = {
				ALWAYS_SEARCH_USER_PATHS = NO;
				CLANG_ANALYZER_NONNULL = YES;
				CLANG_ANALYZER_NUMBER_OBJECT_CONVERSION = YES_AGGRESSIVE;
				CLANG_CXX_LANGUAGE_STANDARD = "gnu++17";
				CLANG_CXX_LIBRARY = "libc++";
				CLANG_ENABLE_MODULES = YES;
				CLANG_ENABLE_OBJC_ARC = YES;
				CLANG_ENABLE_OBJC_WEAK = YES;
				CLANG_WARN_BLOCK_CAPTURE_AUTORELEASING = YES;
				CLANG_WARN_BOOL_CONVERSION = YES;
				CLANG_WARN_COMMA = YES;
				CLANG_WARN_CONSTANT_CONVERSION = YES;
				CLANG_WARN_DEPRECATED_OBJC_IMPLEMENTATIONS = YES;
				CLANG_WARN_DIRECT_OBJC_ISA_USAGE = YES_ERROR;
				CLANG_WARN_DOCUMENTATION_COMMENTS = YES;
				CLANG_WARN_EMPTY_BODY = YES;
				CLANG_WARN_ENUM_CONVERSION = YES;
				CLANG_WARN_INFINITE_RECURSION = YES;
				CLANG_WARN_INT_CONVERSION = YES;
				CLANG_WARN_NON_LITERAL_NULL_CONVERSION = YES;
				CLANG_WARN_OBJC_IMPLICIT_RETAIN_SELF = YES;
				CLANG_WARN_OBJC_LITERAL_CONVERSION = YES;
				CLANG_WARN_OBJC_ROOT_CLASS = YES_ERROR;
				CLANG_WARN_QUOTED_INCLUDE_IN_FRAMEWORK_HEADER = YES;
				CLANG_WARN_RANGE_LOOP_ANALYSIS = YES;
				CLANG_WARN_STRICT_PROTOTYPES = YES;
				CLANG_WARN_SUSPICIOUS_MOVE = YES;
				CLANG_WARN_UNGUARDED_AVAILABILITY = YES_AGGRESSIVE;
				CLANG_WARN_UNREACHABLE_CODE = YES;
				CLANG_WARN__DUPLICATE_METHOD_MATCH = YES;
				COPY_PHASE_STRIP = NO;
				DEBUG_INFORMATION_FORMAT = "dwarf-with-dsym";
				ENABLE_NS_ASSERTIONS = NO;
				ENABLE_STRICT_OBJC_MSGSEND = YES;
				GCC_C_LANGUAGE_STANDARD = gnu11;
				GCC_NO_COMMON_BLOCKS = YES;
				GCC_WARN_64_TO_32_BIT_CONVERSION = YES;
				GCC_WARN_ABOUT_RETURN_TYPE = YES_ERROR;
				GCC_WARN_UNDECLARED_SELECTOR = YES;
				GCC_WARN_UNINITIALIZED_AUTOS = YES_AGGRESSIVE;
				GCC_WARN_UNUSED_FUNCTION = YES;
				GCC_WARN_UNUSED_VARIABLE = YES;
				IPHONEOS_DEPLOYMENT_TARGET = 15.2;
				MTL_ENABLE_DEBUG_INFO = NO;
				MTL_FAST_MATH = YES;
				SDKROOT = iphoneos;
				SWIFT_COMPILATION_MODE = wholemodule;
				SWIFT_OPTIMIZATION_LEVEL = "-O";
				VALIDATE_PRODUCT = YES;
			};
			name = Release;
		};
		6561ED1E27C9571A006816AF /* Debug */ = {
			isa = XCBuildConfiguration;
			buildSettings = {
				ASSETCATALOG_COMPILER_APPICON_NAME = AppIcon;
				ASSETCATALOG_COMPILER_GLOBAL_ACCENT_COLOR_NAME = AccentColor;
				CODE_SIGN_STYLE = Automatic;
				CURRENT_PROJECT_VERSION = 1;
				DEVELOPMENT_TEAM = 53U8R9MVTQ;
				GENERATE_INFOPLIST_FILE = YES;
				INFOPLIST_FILE = RUEats/Info.plist;
				INFOPLIST_KEY_NSLocationWhenInUseUsageDescription = "RUEats needs access to your location to add a new restaurant";
				INFOPLIST_KEY_UIApplicationSupportsIndirectInputEvents = YES;
				INFOPLIST_KEY_UILaunchStoryboardName = LaunchScreen;
				INFOPLIST_KEY_UIMainStoryboardFile = Main;
				INFOPLIST_KEY_UISupportedInterfaceOrientations_iPad = "UIInterfaceOrientationPortrait UIInterfaceOrientationPortraitUpsideDown UIInterfaceOrientationLandscapeLeft UIInterfaceOrientationLandscapeRight";
				INFOPLIST_KEY_UISupportedInterfaceOrientations_iPhone = "UIInterfaceOrientationPortrait UIInterfaceOrientationLandscapeLeft UIInterfaceOrientationLandscapeRight";
				LD_RUNPATH_SEARCH_PATHS = (
					"$(inherited)",
					"@executable_path/Frameworks",
				);
				MARKETING_VERSION = 1.0;
				PRODUCT_BUNDLE_IDENTIFIER = com.example.RUEats;
				PRODUCT_NAME = "$(TARGET_NAME)";
				SWIFT_EMIT_LOC_STRINGS = YES;
				SWIFT_VERSION = 5.0;
				TARGETED_DEVICE_FAMILY = "1,2";
			};
			name = Debug;
		};
		6561ED1F27C9571A006816AF /* Release */ = {
			isa = XCBuildConfiguration;
			buildSettings = {
				ASSETCATALOG_COMPILER_APPICON_NAME = AppIcon;
				ASSETCATALOG_COMPILER_GLOBAL_ACCENT_COLOR_NAME = AccentColor;
				CODE_SIGN_STYLE = Automatic;
				CURRENT_PROJECT_VERSION = 1;
				DEVELOPMENT_TEAM = 53U8R9MVTQ;
				GENERATE_INFOPLIST_FILE = YES;
				INFOPLIST_FILE = RUEats/Info.plist;
				INFOPLIST_KEY_NSLocationWhenInUseUsageDescription = "RUEats needs access to your location to add a new restaurant";
				INFOPLIST_KEY_UIApplicationSupportsIndirectInputEvents = YES;
				INFOPLIST_KEY_UILaunchStoryboardName = LaunchScreen;
				INFOPLIST_KEY_UIMainStoryboardFile = Main;
				INFOPLIST_KEY_UISupportedInterfaceOrientations_iPad = "UIInterfaceOrientationPortrait UIInterfaceOrientationPortraitUpsideDown UIInterfaceOrientationLandscapeLeft UIInterfaceOrientationLandscapeRight";
				INFOPLIST_KEY_UISupportedInterfaceOrientations_iPhone = "UIInterfaceOrientationPortrait UIInterfaceOrientationLandscapeLeft UIInterfaceOrientationLandscapeRight";
				LD_RUNPATH_SEARCH_PATHS = (
					"$(inherited)",
					"@executable_path/Frameworks",
				);
				MARKETING_VERSION = 1.0;
				PRODUCT_BUNDLE_IDENTIFIER = com.example.RUEats;
				PRODUCT_NAME = "$(TARGET_NAME)";
				SWIFT_EMIT_LOC_STRINGS = YES;
				SWIFT_VERSION = 5.0;
				TARGETED_DEVICE_FAMILY = "1,2";
			};
			name = Release;
		};
/* End XCBuildConfiguration section */

/* Begin XCConfigurationList section */
		6561ED0427C95719006816AF /* Build configuration list for PBXProject "RUEats" */ = {
			isa = XCConfigurationList;
			buildConfigurations = (
				6561ED1B27C9571A006816AF /* Debug */,
				6561ED1C27C9571A006816AF /* Release */,
			);
			defaultConfigurationIsVisible = 0;
			defaultConfigurationName = Release;
		};
		6561ED1D27C9571A006816AF /* Build configuration list for PBXNativeTarget "RUEats" */ = {
			isa = XCConfigurationList;
			buildConfigurations = (
				6561ED1E27C9571A006816AF /* Debug */,
				6561ED1F27C9571A006816AF /* Release */,
			);
			defaultConfigurationIsVisible = 0;
			defaultConfigurationName = Release;
		};
/* End XCConfigurationList section */
	};
	rootObject = 6561ED0127C95719006816AF /* Project object */;
}
